
Microsoft Visual Studio Solution File, Format Version 12.00
# Visual Studio Version 17
VisualStudioVersion = 17.9.34622.214
MinimumVisualStudioVersion = 10.0.40219.1
Project("{FAE04EC0-301F-11D3-BF4B-00C04F79EFBC}") = "task7.1.4", "ConsoleApp1\task7.1.4.csproj", "{FE4F7442-BD03-49D5-84DD-6223217B0580}"
EndProject
Project("{FAE04EC0-301F-11D3-BF4B-00C04F79EFBC}") = "task7.1.5", "task7.1.5\task7.1.5.csproj", "{EAC1A267-6BA6-450A-9741-FBCD51C346AF}"
EndProject
Project("{FAE04EC0-301F-11D3-BF4B-00C04F79EFBC}") = "task7.1.6", "task7.1.6\task7.1.6.csproj", "{FBACAB34-9215-499A-8B91-E666EBFA6DB1}"
EndProject
Project("{FAE04EC0-301F-11D3-BF4B-00C04F79EFBC}") = "task7.1.10", "task7.1.10\task7.1.10.csproj", "{6D4971C0-44C5-4F18-8484-BAD9AF1D4AE5}"
EndProject
Project("{FAE04EC0-301F-11D3-BF4B-00C04F79EFBC}") = "task7.2.3", "task7.2.3\task7.2.3.csproj", "{5AB6B246-6C2B-4E4B-934C-33ED9F003C5A}"
EndProject
Project("{FAE04EC0-301F-11D3-BF4B-00C04F79EFBC}") = "task7.2.4", "task7.2.4\task7.2.4.csproj", "{918F7386-2029-45F0-83A7-63879238A737}"
EndProject
Project("{FAE04EC0-301F-11D3-BF4B-00C04F79EFBC}") = "task7.2.5", "task7.2.5\task7.2.5.csproj", "{5E97EBC5-CAAF-4424-AF5B-4E11382CCA32}"
EndProject
Project("{FAE04EC0-301F-11D3-BF4B-00C04F79EFBC}") = "task7.2.7", "task7.2.7\task7.2.7.csproj", "{D89F73A7-F839-4CBF-9E65-1357056DEE05}"
EndProject
Project("{FAE04EC0-301F-11D3-BF4B-00C04F79EFBC}") = "task7.2.12", "task7.2.12\task7.2.12.csproj", "{7223550C-C36D-400D-8B2D-2512C376E788}"
EndProject
Project("{FAE04EC0-301F-11D3-BF4B-00C04F79EFBC}") = "task7.2.14", "task7.2.14\task7.2.14.csproj", "{1B7C3BCD-06E3-49DD-B3E7-F27EF839BAB1}"
EndProject
Project("{FAE04EC0-301F-11D3-BF4B-00C04F79EFBC}") = "task7.3.3", "task7.3.3\task7.3.3.csproj", "{122751CD-0B7F-478B-B4FC-56DE624E4C1D}"
EndProject
Project("{FAE04EC0-301F-11D3-BF4B-00C04F79EFBC}") = "task7.5.2", "task7.5.2\task7.5.2.csproj", "{CB88DAF5-1AE7-4DDC-9902-5BE2211FE396}"
EndProject
Project("{FAE04EC0-301F-11D3-BF4B-00C04F79EFBC}") = "task7.5.3", "task7.5.3\task7.5.3.csproj", "{3D81EEF4-5F34-410D-9D38-711E3AEC0BA9}"
EndProject
Project("{FAE04EC0-301F-11D3-BF4B-00C04F79EFBC}") = "task7.5.5", "task7.5.5\task7.5.5.csproj", "{26116901-8324-433D-BC4D-B3BA2A60BB93}"
EndProject
Project("{FAE04EC0-301F-11D3-BF4B-00C04F79EFBC}") = "task7.5.9", "task7.5.9\task7.5.9.csproj", "{EC18BD66-3596-4BB3-9F78-E3CA1EAD3FBB}"
EndProject
Project("{FAE04EC0-301F-11D3-BF4B-00C04F79EFBC}") = "task7.6.2", "task7.6.2\task7.6.2.csproj", "{0E2A60F1-7E0E-4D69-A643-0723904DBD5E}"
EndProject
Project("{FAE04EC0-301F-11D3-BF4B-00C04F79EFBC}") = "task7.6.6", "task7.6.6\task7.6.6.csproj", "{01C63CEC-45DE-4369-AB2C-8BDA9D7C52B1}"
EndProject
Project("{FAE04EC0-301F-11D3-BF4B-00C04F79EFBC}") = "task7.6.7", "task7.6.7\task7.6.7.csproj", "{206B5C45-F530-4127-B64C-DDA22EB05893}"
EndProject
Project("{FAE04EC0-301F-11D3-BF4B-00C04F79EFBC}") = "task7.6.9", "task7.6.9\task7.6.9.csproj", "{3CC11938-B42C-4BAE-BE63-6EDF009BAD67}"
EndProject
Project("{FAE04EC0-301F-11D3-BF4B-00C04F79EFBC}") = "task7.6.12", "task7.6.12\task7.6.12.csproj", "{4112D60D-EA75-471A-8441-6DF6B2B1FD26}"
EndProject
Project("{FAE04EC0-301F-11D3-BF4B-00C04F79EFBC}") = "final", "final\final.csproj", "{C6698E96-1ED3-40D5-81BB-8E8313685735}"
EndProject
Global
	GlobalSection(SolutionConfigurationPlatforms) = preSolution
		Debug|Any CPU = Debug|Any CPU
		Release|Any CPU = Release|Any CPU
	EndGlobalSection
	GlobalSection(ProjectConfigurationPlatforms) = postSolution
		{FE4F7442-BD03-49D5-84DD-6223217B0580}.Debug|Any CPU.ActiveCfg = Debug|Any CPU
		{FE4F7442-BD03-49D5-84DD-6223217B0580}.Debug|Any CPU.Build.0 = Debug|Any CPU
		{FE4F7442-BD03-49D5-84DD-6223217B0580}.Release|Any CPU.ActiveCfg = Release|Any CPU
		{FE4F7442-BD03-49D5-84DD-6223217B0580}.Release|Any CPU.Build.0 = Release|Any CPU
		{EAC1A267-6BA6-450A-9741-FBCD51C346AF}.Debug|Any CPU.ActiveCfg = Debug|Any CPU
		{EAC1A267-6BA6-450A-9741-FBCD51C346AF}.Debug|Any CPU.Build.0 = Debug|Any CPU
		{EAC1A267-6BA6-450A-9741-FBCD51C346AF}.Release|Any CPU.ActiveCfg = Release|Any CPU
		{EAC1A267-6BA6-450A-9741-FBCD51C346AF}.Release|Any CPU.Build.0 = Release|Any CPU
		{FBACAB34-9215-499A-8B91-E666EBFA6DB1}.Debug|Any CPU.ActiveCfg = Debug|Any CPU
		{FBACAB34-9215-499A-8B91-E666EBFA6DB1}.Debug|Any CPU.Build.0 = Debug|Any CPU
		{FBACAB34-9215-499A-8B91-E666EBFA6DB1}.Release|Any CPU.ActiveCfg = Release|Any CPU
		{FBACAB34-9215-499A-8B91-E666EBFA6DB1}.Release|Any CPU.Build.0 = Release|Any CPU
		{6D4971C0-44C5-4F18-8484-BAD9AF1D4AE5}.Debug|Any CPU.ActiveCfg = Debug|Any CPU
		{6D4971C0-44C5-4F18-8484-BAD9AF1D4AE5}.Debug|Any CPU.Build.0 = Debug|Any CPU
		{6D4971C0-44C5-4F18-8484-BAD9AF1D4AE5}.Release|Any CPU.ActiveCfg = Release|Any CPU
		{6D4971C0-44C5-4F18-8484-BAD9AF1D4AE5}.Release|Any CPU.Build.0 = Release|Any CPU
		{5AB6B246-6C2B-4E4B-934C-33ED9F003C5A}.Debug|Any CPU.ActiveCfg = Debug|Any CPU
		{5AB6B246-6C2B-4E4B-934C-33ED9F003C5A}.Debug|Any CPU.Build.0 = Debug|Any CPU
		{5AB6B246-6C2B-4E4B-934C-33ED9F003C5A}.Release|Any CPU.ActiveCfg = Release|Any CPU
		{5AB6B246-6C2B-4E4B-934C-33ED9F003C5A}.Release|Any CPU.Build.0 = Release|Any CPU
		{918F7386-2029-45F0-83A7-63879238A737}.Debug|Any CPU.ActiveCfg = Debug|Any CPU
		{918F7386-2029-45F0-83A7-63879238A737}.Debug|Any CPU.Build.0 = Debug|Any CPU
		{918F7386-2029-45F0-83A7-63879238A737}.Release|Any CPU.ActiveCfg = Release|Any CPU
		{918F7386-2029-45F0-83A7-63879238A737}.Release|Any CPU.Build.0 = Release|Any CPU
		{5E97EBC5-CAAF-4424-AF5B-4E11382CCA32}.Debug|Any CPU.ActiveCfg = Debug|Any CPU
		{5E97EBC5-CAAF-4424-AF5B-4E11382CCA32}.Debug|Any CPU.Build.0 = Debug|Any CPU
		{5E97EBC5-CAAF-4424-AF5B-4E11382CCA32}.Release|Any CPU.ActiveCfg = Release|Any CPU
		{5E97EBC5-CAAF-4424-AF5B-4E11382CCA32}.Release|Any CPU.Build.0 = Release|Any CPU
		{D89F73A7-F839-4CBF-9E65-1357056DEE05}.Debug|Any CPU.ActiveCfg = Debug|Any CPU
		{D89F73A7-F839-4CBF-9E65-1357056DEE05}.Debug|Any CPU.Build.0 = Debug|Any CPU
		{D89F73A7-F839-4CBF-9E65-1357056DEE05}.Release|Any CPU.ActiveCfg = Release|Any CPU
		{D89F73A7-F839-4CBF-9E65-1357056DEE05}.Release|Any CPU.Build.0 = Release|Any CPU
		{7223550C-C36D-400D-8B2D-2512C376E788}.Debug|Any CPU.ActiveCfg = Debug|Any CPU
		{7223550C-C36D-400D-8B2D-2512C376E788}.Debug|Any CPU.Build.0 = Debug|Any CPU
		{7223550C-C36D-400D-8B2D-2512C376E788}.Release|Any CPU.ActiveCfg = Release|Any CPU
		{7223550C-C36D-400D-8B2D-2512C376E788}.Release|Any CPU.Build.0 = Release|Any CPU
		{1B7C3BCD-06E3-49DD-B3E7-F27EF839BAB1}.Debug|Any CPU.ActiveCfg = Debug|Any CPU
		{1B7C3BCD-06E3-49DD-B3E7-F27EF839BAB1}.Debug|Any CPU.Build.0 = Debug|Any CPU
		{1B7C3BCD-06E3-49DD-B3E7-F27EF839BAB1}.Release|Any CPU.ActiveCfg = Release|Any CPU
		{1B7C3BCD-06E3-49DD-B3E7-F27EF839BAB1}.Release|Any CPU.Build.0 = Release|Any CPU
		{122751CD-0B7F-478B-B4FC-56DE624E4C1D}.Debug|Any CPU.ActiveCfg = Debug|Any CPU
		{122751CD-0B7F-478B-B4FC-56DE624E4C1D}.Debug|Any CPU.Build.0 = Debug|Any CPU
		{122751CD-0B7F-478B-B4FC-56DE624E4C1D}.Release|Any CPU.ActiveCfg = Release|Any CPU
		{122751CD-0B7F-478B-B4FC-56DE624E4C1D}.Release|Any CPU.Build.0 = Release|Any CPU
		{CB88DAF5-1AE7-4DDC-9902-5BE2211FE396}.Debug|Any CPU.ActiveCfg = Debug|Any CPU
		{CB88DAF5-1AE7-4DDC-9902-5BE2211FE396}.Debug|Any CPU.Build.0 = Debug|Any CPU
		{CB88DAF5-1AE7-4DDC-9902-5BE2211FE396}.Release|Any CPU.ActiveCfg = Release|Any CPU
		{CB88DAF5-1AE7-4DDC-9902-5BE2211FE396}.Release|Any CPU.Build.0 = Release|Any CPU
		{3D81EEF4-5F34-410D-9D38-711E3AEC0BA9}.Debug|Any CPU.ActiveCfg = Debug|Any CPU
		{3D81EEF4-5F34-410D-9D38-711E3AEC0BA9}.Debug|Any CPU.Build.0 = Debug|Any CPU
		{3D81EEF4-5F34-410D-9D38-711E3AEC0BA9}.Release|Any CPU.ActiveCfg = Release|Any CPU
		{3D81EEF4-5F34-410D-9D38-711E3AEC0BA9}.Release|Any CPU.Build.0 = Release|Any CPU
		{26116901-8324-433D-BC4D-B3BA2A60BB93}.Debug|Any CPU.ActiveCfg = Debug|Any CPU
		{26116901-8324-433D-BC4D-B3BA2A60BB93}.Debug|Any CPU.Build.0 = Debug|Any CPU
		{26116901-8324-433D-BC4D-B3BA2A60BB93}.Release|Any CPU.ActiveCfg = Release|Any CPU
		{26116901-8324-433D-BC4D-B3BA2A60BB93}.Release|Any CPU.Build.0 = Release|Any CPU
		{EC18BD66-3596-4BB3-9F78-E3CA1EAD3FBB}.Debug|Any CPU.ActiveCfg = Debug|Any CPU
		{EC18BD66-3596-4BB3-9F78-E3CA1EAD3FBB}.Debug|Any CPU.Build.0 = Debug|Any CPU
		{EC18BD66-3596-4BB3-9F78-E3CA1EAD3FBB}.Release|Any CPU.ActiveCfg = Release|Any CPU
		{EC18BD66-3596-4BB3-9F78-E3CA1EAD3FBB}.Release|Any CPU.Build.0 = Release|Any CPU
		{0E2A60F1-7E0E-4D69-A643-0723904DBD5E}.Debug|Any CPU.ActiveCfg = Debug|Any CPU
		{0E2A60F1-7E0E-4D69-A643-0723904DBD5E}.Debug|Any CPU.Build.0 = Debug|Any CPU
		{0E2A60F1-7E0E-4D69-A643-0723904DBD5E}.Release|Any CPU.ActiveCfg = Release|Any CPU
		{0E2A60F1-7E0E-4D69-A643-0723904DBD5E}.Release|Any CPU.Build.0 = Release|Any CPU
		{01C63CEC-45DE-4369-AB2C-8BDA9D7C52B1}.Debug|Any CPU.ActiveCfg = Debug|Any CPU
		{01C63CEC-45DE-4369-AB2C-8BDA9D7C52B1}.Debug|Any CPU.Build.0 = Debug|Any CPU
		{01C63CEC-45DE-4369-AB2C-8BDA9D7C52B1}.Release|Any CPU.ActiveCfg = Release|Any CPU
		{01C63CEC-45DE-4369-AB2C-8BDA9D7C52B1}.Release|Any CPU.Build.0 = Release|Any CPU
		{206B5C45-F530-4127-B64C-DDA22EB05893}.Debug|Any CPU.ActiveCfg = Debug|Any CPU
		{206B5C45-F530-4127-B64C-DDA22EB05893}.Debug|Any CPU.Build.0 = Debug|Any CPU
		{206B5C45-F530-4127-B64C-DDA22EB05893}.Release|Any CPU.ActiveCfg = Release|Any CPU
		{206B5C45-F530-4127-B64C-DDA22EB05893}.Release|Any CPU.Build.0 = Release|Any CPU
		{3CC11938-B42C-4BAE-BE63-6EDF009BAD67}.Debug|Any CPU.ActiveCfg = Debug|Any CPU
		{3CC11938-B42C-4BAE-BE63-6EDF009BAD67}.Debug|Any CPU.Build.0 = Debug|Any CPU
		{3CC11938-B42C-4BAE-BE63-6EDF009BAD67}.Release|Any CPU.ActiveCfg = Release|Any CPU
		{3CC11938-B42C-4BAE-BE63-6EDF009BAD67}.Release|Any CPU.Build.0 = Release|Any CPU
		{4112D60D-EA75-471A-8441-6DF6B2B1FD26}.Debug|Any CPU.ActiveCfg = Debug|Any CPU
		{4112D60D-EA75-471A-8441-6DF6B2B1FD26}.Debug|Any CPU.Build.0 = Debug|Any CPU
		{4112D60D-EA75-471A-8441-6DF6B2B1FD26}.Release|Any CPU.ActiveCfg = Release|Any CPU
		{4112D60D-EA75-471A-8441-6DF6B2B1FD26}.Release|Any CPU.Build.0 = Release|Any CPU
		{C6698E96-1ED3-40D5-81BB-8E8313685735}.Debug|Any CPU.ActiveCfg = Debug|Any CPU
		{C6698E96-1ED3-40D5-81BB-8E8313685735}.Debug|Any CPU.Build.0 = Debug|Any CPU
		{C6698E96-1ED3-40D5-81BB-8E8313685735}.Release|Any CPU.ActiveCfg = Release|Any CPU
		{C6698E96-1ED3-40D5-81BB-8E8313685735}.Release|Any CPU.Build.0 = Release|Any CPU
	EndGlobalSection
	GlobalSection(SolutionProperties) = preSolution
		HideSolutionNode = FALSE
	EndGlobalSection
	GlobalSection(ExtensibilityGlobals) = postSolution
		SolutionGuid = {AF7EDAB8-07DD-4088-8482-5DBBD6A19E7D}
	EndGlobalSection
EndGlobal
